
Microsoft Visual Studio Solution File, Format Version 12.00
# Visual Studio 15
Project("{FAE04EC0-301F-11D3-BF4B-00C04F79EFBC}") = "UnityEngine.TestRunner", "UnityEngine.TestRunner.csproj", "{5F6EAF18-1E86-5257-1FC6-1C385D83583B}"
EndProject
Project("{FAE04EC0-301F-11D3-BF4B-00C04F79EFBC}") = "Unity.Mathematics", "Unity.Mathematics.csproj", "{E8F0703D-42BF-613A-5214-595D5DCD45DE}"
EndProject
Project("{FAE04EC0-301F-11D3-BF4B-00C04F79EFBC}") = "Unity.2D.Animation.Triangle.Runtime", "Unity.2D.Animation.Triangle.Runtime.csproj", "{FCF06424-79BC-3B87-5CA6-FB57E2E05181}"
EndProject
Project("{FAE04EC0-301F-11D3-BF4B-00C04F79EFBC}") = "Unity.Timeline", "Unity.Timeline.csproj", "{453B489D-038E-AD9B-C0B4-5EAC5791A0FD}"
EndProject
Project("{FAE04EC0-301F-11D3-BF4B-00C04F79EFBC}") = "UnityEngine.UI", "UnityEngine.UI.csproj", "{1DA1AFC8-8DBE-D21B-D78D-FB235B8FFE63}"
EndProject
Project("{FAE04EC0-301F-11D3-BF4B-00C04F79EFBC}") = "Unity.TextMeshPro", "Unity.TextMeshPro.csproj", "{1679F38A-3EAA-0D7A-C6F8-153CF23670F8}"
EndProject
Project("{FAE04EC0-301F-11D3-BF4B-00C04F79EFBC}") = "Unity.2D.Animation.Runtime", "Unity.2D.Animation.Runtime.csproj", "{F54EA3FC-F9B4-B69D-1C3D-6211AF783C06}"
EndProject
Project("{FAE04EC0-301F-11D3-BF4B-00C04F79EFBC}") = "Unity.2D.IK.Runtime", "Unity.2D.IK.Runtime.csproj", "{4F25B315-8C7D-7BC3-A84F-A5FEA29C03EB}"
EndProject
Project("{FAE04EC0-301F-11D3-BF4B-00C04F79EFBC}") = "Unity.2D.SpriteShape.Runtime", "Unity.2D.SpriteShape.Runtime.csproj", "{4231AF97-6AEE-9BB0-30E1-D0AD525AB478}"
EndProject
Project("{FAE04EC0-301F-11D3-BF4B-00C04F79EFBC}") = "Unity.2D.PixelPerfect", "Unity.2D.PixelPerfect.csproj", "{CEEC9A7C-3CB3-7C2E-5E04-57E7B3BB69F6}"
EndProject
Project("{FAE04EC0-301F-11D3-BF4B-00C04F79EFBC}") = "Unity.2D.Common.Runtime", "Unity.2D.Common.Runtime.csproj", "{358DD6D6-6946-B196-2224-48DD61798E09}"
EndProject
Project("{FAE04EC0-301F-11D3-BF4B-00C04F79EFBC}") = "Unity.InternalAPIEngineBridge.001", "Unity.InternalAPIEngineBridge.001.csproj", "{849DC263-9795-C1B0-B38E-C127489FC736}"
EndProject
Project("{FAE04EC0-301F-11D3-BF4B-00C04F79EFBC}") = "Assembly-CSharp", "Assembly-CSharp.csproj", "{F6445A00-EB87-535D-EE9F-B907CA7037A1}"
EndProject
Project("{FAE04EC0-301F-11D3-BF4B-00C04F79EFBC}") = "UnityEditor.TestRunner", "UnityEditor.TestRunner.csproj", "{77D9EE9D-141A-D64D-F624-7A22454F43CA}"
EndProject
Project("{FAE04EC0-301F-11D3-BF4B-00C04F79EFBC}") = "Unity.PlasticSCM.Editor", "Unity.PlasticSCM.Editor.csproj", "{8A84684B-20F4-7210-E81A-7074EA708906}"
EndProject
Project("{FAE04EC0-301F-11D3-BF4B-00C04F79EFBC}") = "UnityEditor.UI", "UnityEditor.UI.csproj", "{CD2FA097-E00F-8D4B-E66F-C4FA71E23F12}"
EndProject
Project("{FAE04EC0-301F-11D3-BF4B-00C04F79EFBC}") = "Unity.Timeline.Editor", "Unity.Timeline.Editor.csproj", "{28E86ACB-A6AB-802C-D6D1-533C96C67C90}"
EndProject
Project("{FAE04EC0-301F-11D3-BF4B-00C04F79EFBC}") = "Unity.VisualStudio.Editor", "Unity.VisualStudio.Editor.csproj", "{E0F262E9-B16B-429F-C18D-25C122C68188}"
EndProject
Project("{FAE04EC0-301F-11D3-BF4B-00C04F79EFBC}") = "Unity.2D.Psdimporter.Editor", "Unity.2D.Psdimporter.Editor.csproj", "{5F85202C-BE00-A9B0-6577-8B7E166721BB}"
EndProject
Project("{FAE04EC0-301F-11D3-BF4B-00C04F79EFBC}") = "Unity.2D.Animation.Editor", "Unity.2D.Animation.Editor.csproj", "{E23B5C5E-60CA-B0A5-3F80-143B88CED421}"
EndProject
Project("{FAE04EC0-301F-11D3-BF4B-00C04F79EFBC}") = "Unity.TextMeshPro.Editor", "Unity.TextMeshPro.Editor.csproj", "{694E38D3-3A8F-10C8-470D-84BF3F833FBF}"
EndProject
Project("{FAE04EC0-301F-11D3-BF4B-00C04F79EFBC}") = "Unity.2D.SpriteShape.Editor", "Unity.2D.SpriteShape.Editor.csproj", "{D0E36DDC-F1A9-AAE9-19BE-F0E9077F4DAB}"
EndProject
Project("{FAE04EC0-301F-11D3-BF4B-00C04F79EFBC}") = "Unity.CollabProxy.Editor", "Unity.CollabProxy.Editor.csproj", "{AF505D0D-C093-DFBB-6A23-63FBA5247991}"
EndProject
Project("{FAE04EC0-301F-11D3-BF4B-00C04F79EFBC}") = "PsdPlugin", "PsdPlugin.csproj", "{64010077-D127-0645-F328-4872E75FBD9A}"
EndProject
Project("{FAE04EC0-301F-11D3-BF4B-00C04F79EFBC}") = "Unity.2D.Path.Editor", "Unity.2D.Path.Editor.csproj", "{6B3664B0-C393-9746-75AC-0626436F7A98}"
EndProject
Project("{FAE04EC0-301F-11D3-BF4B-00C04F79EFBC}") = "Unity.Rider.Editor", "Unity.Rider.Editor.csproj", "{EB76EDDC-78F1-4F46-EDDC-74E13647E182}"
EndProject
Project("{FAE04EC0-301F-11D3-BF4B-00C04F79EFBC}") = "Unity.2D.IK.Editor", "Unity.2D.IK.Editor.csproj", "{066F8808-61FF-041E-77FF-5CB9980C1AF4}"
EndProject
Project("{FAE04EC0-301F-11D3-BF4B-00C04F79EFBC}") = "Unity.2D.Sprite.Editor", "Unity.2D.Sprite.Editor.csproj", "{026A295F-B751-FA14-DEC7-56282CCBEC20}"
EndProject
Project("{FAE04EC0-301F-11D3-BF4B-00C04F79EFBC}") = "Unity.2D.Tilemap.Editor", "Unity.2D.Tilemap.Editor.csproj", "{CA3D6A2E-C749-C298-43F5-6D078426FBB5}"
EndProject
Project("{FAE04EC0-301F-11D3-BF4B-00C04F79EFBC}") = "Unity.2D.PixelPerfect.Editor", "Unity.2D.PixelPerfect.Editor.csproj", "{708B02E5-F065-E072-4AC1-7CB5657B3DE9}"
EndProject
Project("{FAE04EC0-301F-11D3-BF4B-00C04F79EFBC}") = "Unity.VSCode.Editor", "Unity.VSCode.Editor.csproj", "{F0269EAB-C66A-E1D2-6695-5FB3E1BC92F5}"
EndProject
Project("{FAE04EC0-301F-11D3-BF4B-00C04F79EFBC}") = "Unity.2D.Common.Editor", "Unity.2D.Common.Editor.csproj", "{4B4BF4C7-574E-3B6C-20CA-D85C32969333}"
EndProject
Project("{FAE04EC0-301F-11D3-BF4B-00C04F79EFBC}") = "Unity.Mathematics.Editor", "Unity.Mathematics.Editor.csproj", "{6FE5703A-ED40-1F8D-6F72-9C85EA043F63}"
EndProject
Project("{FAE04EC0-301F-11D3-BF4B-00C04F79EFBC}") = "Unity.InternalAPIEditorBridge.001", "Unity.InternalAPIEditorBridge.001.csproj", "{B204D7EF-55FF-BDBD-E383-8B78512AB4C2}"
EndProject
Project("{FAE04EC0-301F-11D3-BF4B-00C04F79EFBC}") = "UnityEngine.TestRunner", "UnityEngine.TestRunner.Player.csproj", "{B05EE2D7-2D36-E07D-BE3F-AC37DA78EF8E}"
EndProject
Project("{FAE04EC0-301F-11D3-BF4B-00C04F79EFBC}") = "Unity.Mathematics", "Unity.Mathematics.Player.csproj", "{DD79814B-36E2-1BA6-4AAA-7BB2EAB497E0}"
EndProject
Project("{FAE04EC0-301F-11D3-BF4B-00C04F79EFBC}") = "Unity.2D.Animation.Triangle.Runtime", "Unity.2D.Animation.Triangle.Runtime.Player.csproj", "{0303F6ED-D85B-28C3-C516-818CBC7AB047}"
EndProject
Project("{FAE04EC0-301F-11D3-BF4B-00C04F79EFBC}") = "Unity.Timeline", "Unity.Timeline.Player.csproj", "{B54682EB-08E8-251A-8E6E-163645DEE65F}"
EndProject
Project("{FAE04EC0-301F-11D3-BF4B-00C04F79EFBC}") = "UnityEngine.UI", "UnityEngine.UI.Player.csproj", "{E8C7D8A6-CEDE-F858-A9EE-6D1860ED33A7}"
EndProject
Project("{FAE04EC0-301F-11D3-BF4B-00C04F79EFBC}") = "Unity.TextMeshPro", "Unity.TextMeshPro.Player.csproj", "{91962350-0E93-D51C-E5DB-0995493E2620}"
EndProject
Project("{FAE04EC0-301F-11D3-BF4B-00C04F79EFBC}") = "Unity.2D.Animation.Runtime", "Unity.2D.Animation.Runtime.Player.csproj", "{AE30E9BF-5378-9FC0-F1B3-E9D38F3F855F}"
EndProject
Project("{FAE04EC0-301F-11D3-BF4B-00C04F79EFBC}") = "Unity.2D.IK.Runtime", "Unity.2D.IK.Runtime.Player.csproj", "{3AE1D419-E69B-F78E-F109-7EC3AC03911C}"
EndProject
Project("{FAE04EC0-301F-11D3-BF4B-00C04F79EFBC}") = "Unity.2D.SpriteShape.Runtime", "Unity.2D.SpriteShape.Runtime.Player.csproj", "{3BC20DBA-3DD1-6CAA-C636-E2652149610A}"
EndProject
Project("{FAE04EC0-301F-11D3-BF4B-00C04F79EFBC}") = "Unity.2D.PixelPerfect", "Unity.2D.PixelPerfect.Player.csproj", "{223AE79E-F0E1-2AA4-0293-59944FFB03D6}"
EndProject
Project("{FAE04EC0-301F-11D3-BF4B-00C04F79EFBC}") = "Unity.2D.Common.Runtime", "Unity.2D.Common.Runtime.Player.csproj", "{AF2F47F8-F9CD-0244-BFB4-EFE99BE80859}"
EndProject
Project("{FAE04EC0-301F-11D3-BF4B-00C04F79EFBC}") = "Unity.InternalAPIEngineBridge.001", "Unity.InternalAPIEngineBridge.001.Player.csproj", "{68A0920E-5FD8-B3CD-307F-78EBA7EFF556}"
EndProject
Project("{FAE04EC0-301F-11D3-BF4B-00C04F79EFBC}") = "Assembly-CSharp", "Assembly-CSharp.Player.csproj", "{3E029303-121E-49FF-C0DC-A1DC9A28BB9A}"
EndProject
Global
	GlobalSection(SolutionConfigurationPlatforms) = preSolution
		Debug|Any CPU = Debug|Any CPU
		Release|Any CPU = Release|Any CPU
	EndGlobalSection
	GlobalSection(ProjectConfigurationPlatforms) = postSolution
		{5F6EAF18-1E86-5257-1FC6-1C385D83583B}.Debug|Any CPU.ActiveCfg = Debug|Any CPU
		{5F6EAF18-1E86-5257-1FC6-1C385D83583B}.Debug|Any CPU.Build.0 = Debug|Any CPU
		{5F6EAF18-1E86-5257-1FC6-1C385D83583B}.Release|Any CPU.ActiveCfg = Release|Any CPU
		{5F6EAF18-1E86-5257-1FC6-1C385D83583B}.Release|Any CPU.Build.0 = Release|Any CPU
		{E8F0703D-42BF-613A-5214-595D5DCD45DE}.Debug|Any CPU.ActiveCfg = Debug|Any CPU
		{E8F0703D-42BF-613A-5214-595D5DCD45DE}.Debug|Any CPU.Build.0 = Debug|Any CPU
		{E8F0703D-42BF-613A-5214-595D5DCD45DE}.Release|Any CPU.ActiveCfg = Release|Any CPU
		{E8F0703D-42BF-613A-5214-595D5DCD45DE}.Release|Any CPU.Build.0 = Release|Any CPU
		{FCF06424-79BC-3B87-5CA6-FB57E2E05181}.Debug|Any CPU.ActiveCfg = Debug|Any CPU
		{FCF06424-79BC-3B87-5CA6-FB57E2E05181}.Debug|Any CPU.Build.0 = Debug|Any CPU
		{FCF06424-79BC-3B87-5CA6-FB57E2E05181}.Release|Any CPU.ActiveCfg = Release|Any CPU
		{FCF06424-79BC-3B87-5CA6-FB57E2E05181}.Release|Any CPU.Build.0 = Release|Any CPU
		{453B489D-038E-AD9B-C0B4-5EAC5791A0FD}.Debug|Any CPU.ActiveCfg = Debug|Any CPU
		{453B489D-038E-AD9B-C0B4-5EAC5791A0FD}.Debug|Any CPU.Build.0 = Debug|Any CPU
		{453B489D-038E-AD9B-C0B4-5EAC5791A0FD}.Release|Any CPU.ActiveCfg = Release|Any CPU
		{453B489D-038E-AD9B-C0B4-5EAC5791A0FD}.Release|Any CPU.Build.0 = Release|Any CPU
		{1DA1AFC8-8DBE-D21B-D78D-FB235B8FFE63}.Debug|Any CPU.ActiveCfg = Debug|Any CPU
		{1DA1AFC8-8DBE-D21B-D78D-FB235B8FFE63}.Debug|Any CPU.Build.0 = Debug|Any CPU
		{1DA1AFC8-8DBE-D21B-D78D-FB235B8FFE63}.Release|Any CPU.ActiveCfg = Release|Any CPU
		{1DA1AFC8-8DBE-D21B-D78D-FB235B8FFE63}.Release|Any CPU.Build.0 = Release|Any CPU
		{1679F38A-3EAA-0D7A-C6F8-153CF23670F8}.Debug|Any CPU.ActiveCfg = Debug|Any CPU
		{1679F38A-3EAA-0D7A-C6F8-153CF23670F8}.Debug|Any CPU.Build.0 = Debug|Any CPU
		{1679F38A-3EAA-0D7A-C6F8-153CF23670F8}.Release|Any CPU.ActiveCfg = Release|Any CPU
		{1679F38A-3EAA-0D7A-C6F8-153CF23670F8}.Release|Any CPU.Build.0 = Release|Any CPU
		{F54EA3FC-F9B4-B69D-1C3D-6211AF783C06}.Debug|Any CPU.ActiveCfg = Debug|Any CPU
		{F54EA3FC-F9B4-B69D-1C3D-6211AF783C06}.Debug|Any CPU.Build.0 = Debug|Any CPU
		{F54EA3FC-F9B4-B69D-1C3D-6211AF783C06}.Release|Any CPU.ActiveCfg = Release|Any CPU
		{F54EA3FC-F9B4-B69D-1C3D-6211AF783C06}.Release|Any CPU.Build.0 = Release|Any CPU
		{4F25B315-8C7D-7BC3-A84F-A5FEA29C03EB}.Debug|Any CPU.ActiveCfg = Debug|Any CPU
		{4F25B315-8C7D-7BC3-A84F-A5FEA29C03EB}.Debug|Any CPU.Build.0 = Debug|Any CPU
		{4F25B315-8C7D-7BC3-A84F-A5FEA29C03EB}.Release|Any CPU.ActiveCfg = Release|Any CPU
		{4F25B315-8C7D-7BC3-A84F-A5FEA29C03EB}.Release|Any CPU.Build.0 = Release|Any CPU
		{4231AF97-6AEE-9BB0-30E1-D0AD525AB478}.Debug|Any CPU.ActiveCfg = Debug|Any CPU
		{4231AF97-6AEE-9BB0-30E1-D0AD525AB478}.Debug|Any CPU.Build.0 = Debug|Any CPU
		{4231AF97-6AEE-9BB0-30E1-D0AD525AB478}.Release|Any CPU.ActiveCfg = Release|Any CPU
		{4231AF97-6AEE-9BB0-30E1-D0AD525AB478}.Release|Any CPU.Build.0 = Release|Any CPU
		{CEEC9A7C-3CB3-7C2E-5E04-57E7B3BB69F6}.Debug|Any CPU.ActiveCfg = Debug|Any CPU
		{CEEC9A7C-3CB3-7C2E-5E04-57E7B3BB69F6}.Debug|Any CPU.Build.0 = Debug|Any CPU
		{CEEC9A7C-3CB3-7C2E-5E04-57E7B3BB69F6}.Release|Any CPU.ActiveCfg = Release|Any CPU
		{CEEC9A7C-3CB3-7C2E-5E04-57E7B3BB69F6}.Release|Any CPU.Build.0 = Release|Any CPU
		{358DD6D6-6946-B196-2224-48DD61798E09}.Debug|Any CPU.ActiveCfg = Debug|Any CPU
		{358DD6D6-6946-B196-2224-48DD61798E09}.Debug|Any CPU.Build.0 = Debug|Any CPU
		{358DD6D6-6946-B196-2224-48DD61798E09}.Release|Any CPU.ActiveCfg = Release|Any CPU
		{358DD6D6-6946-B196-2224-48DD61798E09}.Release|Any CPU.Build.0 = Release|Any CPU
		{849DC263-9795-C1B0-B38E-C127489FC736}.Debug|Any CPU.ActiveCfg = Debug|Any CPU
		{849DC263-9795-C1B0-B38E-C127489FC736}.Debug|Any CPU.Build.0 = Debug|Any CPU
		{849DC263-9795-C1B0-B38E-C127489FC736}.Release|Any CPU.ActiveCfg = Release|Any CPU
		{849DC263-9795-C1B0-B38E-C127489FC736}.Release|Any CPU.Build.0 = Release|Any CPU
		{F6445A00-EB87-535D-EE9F-B907CA7037A1}.Debug|Any CPU.ActiveCfg = Debug|Any CPU
		{F6445A00-EB87-535D-EE9F-B907CA7037A1}.Debug|Any CPU.Build.0 = Debug|Any CPU
		{F6445A00-EB87-535D-EE9F-B907CA7037A1}.Release|Any CPU.ActiveCfg = Release|Any CPU
		{F6445A00-EB87-535D-EE9F-B907CA7037A1}.Release|Any CPU.Build.0 = Release|Any CPU
		{77D9EE9D-141A-D64D-F624-7A22454F43CA}.Debug|Any CPU.ActiveCfg = Debug|Any CPU
		{77D9EE9D-141A-D64D-F624-7A22454F43CA}.Debug|Any CPU.Build.0 = Debug|Any CPU
		{77D9EE9D-141A-D64D-F624-7A22454F43CA}.Release|Any CPU.ActiveCfg = Release|Any CPU
		{77D9EE9D-141A-D64D-F624-7A22454F43CA}.Release|Any CPU.Build.0 = Release|Any CPU
		{8A84684B-20F4-7210-E81A-7074EA708906}.Debug|Any CPU.ActiveCfg = Debug|Any CPU
		{8A84684B-20F4-7210-E81A-7074EA708906}.Debug|Any CPU.Build.0 = Debug|Any CPU
		{8A84684B-20F4-7210-E81A-7074EA708906}.Release|Any CPU.ActiveCfg = Release|Any CPU
		{8A84684B-20F4-7210-E81A-7074EA708906}.Release|Any CPU.Build.0 = Release|Any CPU
		{CD2FA097-E00F-8D4B-E66F-C4FA71E23F12}.Debug|Any CPU.ActiveCfg = Debug|Any CPU
		{CD2FA097-E00F-8D4B-E66F-C4FA71E23F12}.Debug|Any CPU.Build.0 = Debug|Any CPU
		{CD2FA097-E00F-8D4B-E66F-C4FA71E23F12}.Release|Any CPU.ActiveCfg = Release|Any CPU
		{CD2FA097-E00F-8D4B-E66F-C4FA71E23F12}.Release|Any CPU.Build.0 = Release|Any CPU
		{28E86ACB-A6AB-802C-D6D1-533C96C67C90}.Debug|Any CPU.ActiveCfg = Debug|Any CPU
		{28E86ACB-A6AB-802C-D6D1-533C96C67C90}.Debug|Any CPU.Build.0 = Debug|Any CPU
		{28E86ACB-A6AB-802C-D6D1-533C96C67C90}.Release|Any CPU.ActiveCfg = Release|Any CPU
		{28E86ACB-A6AB-802C-D6D1-533C96C67C90}.Release|Any CPU.Build.0 = Release|Any CPU
		{E0F262E9-B16B-429F-C18D-25C122C68188}.Debug|Any CPU.ActiveCfg = Debug|Any CPU
		{E0F262E9-B16B-429F-C18D-25C122C68188}.Debug|Any CPU.Build.0 = Debug|Any CPU
		{E0F262E9-B16B-429F-C18D-25C122C68188}.Release|Any CPU.ActiveCfg = Release|Any CPU
		{E0F262E9-B16B-429F-C18D-25C122C68188}.Release|Any CPU.Build.0 = Release|Any CPU
		{5F85202C-BE00-A9B0-6577-8B7E166721BB}.Debug|Any CPU.ActiveCfg = Debug|Any CPU
		{5F85202C-BE00-A9B0-6577-8B7E166721BB}.Debug|Any CPU.Build.0 = Debug|Any CPU
		{5F85202C-BE00-A9B0-6577-8B7E166721BB}.Release|Any CPU.ActiveCfg = Release|Any CPU
		{5F85202C-BE00-A9B0-6577-8B7E166721BB}.Release|Any CPU.Build.0 = Release|Any CPU
		{E23B5C5E-60CA-B0A5-3F80-143B88CED421}.Debug|Any CPU.ActiveCfg = Debug|Any CPU
		{E23B5C5E-60CA-B0A5-3F80-143B88CED421}.Debug|Any CPU.Build.0 = Debug|Any CPU
		{E23B5C5E-60CA-B0A5-3F80-143B88CED421}.Release|Any CPU.ActiveCfg = Release|Any CPU
		{E23B5C5E-60CA-B0A5-3F80-143B88CED421}.Release|Any CPU.Build.0 = Release|Any CPU
		{694E38D3-3A8F-10C8-470D-84BF3F833FBF}.Debug|Any CPU.ActiveCfg = Debug|Any CPU
		{694E38D3-3A8F-10C8-470D-84BF3F833FBF}.Debug|Any CPU.Build.0 = Debug|Any CPU
		{694E38D3-3A8F-10C8-470D-84BF3F833FBF}.Release|Any CPU.ActiveCfg = Release|Any CPU
		{694E38D3-3A8F-10C8-470D-84BF3F833FBF}.Release|Any CPU.Build.0 = Release|Any CPU
		{D0E36DDC-F1A9-AAE9-19BE-F0E9077F4DAB}.Debug|Any CPU.ActiveCfg = Debug|Any CPU
		{D0E36DDC-F1A9-AAE9-19BE-F0E9077F4DAB}.Debug|Any CPU.Build.0 = Debug|Any CPU
		{D0E36DDC-F1A9-AAE9-19BE-F0E9077F4DAB}.Release|Any CPU.ActiveCfg = Release|Any CPU
		{D0E36DDC-F1A9-AAE9-19BE-F0E9077F4DAB}.Release|Any CPU.Build.0 = Release|Any CPU
		{AF505D0D-C093-DFBB-6A23-63FBA5247991}.Debug|Any CPU.ActiveCfg = Debug|Any CPU
		{AF505D0D-C093-DFBB-6A23-63FBA5247991}.Debug|Any CPU.Build.0 = Debug|Any CPU
		{AF505D0D-C093-DFBB-6A23-63FBA5247991}.Release|Any CPU.ActiveCfg = Release|Any CPU
		{AF505D0D-C093-DFBB-6A23-63FBA5247991}.Release|Any CPU.Build.0 = Release|Any CPU
		{64010077-D127-0645-F328-4872E75FBD9A}.Debug|Any CPU.ActiveCfg = Debug|Any CPU
		{64010077-D127-0645-F328-4872E75FBD9A}.Debug|Any CPU.Build.0 = Debug|Any CPU
		{64010077-D127-0645-F328-4872E75FBD9A}.Release|Any CPU.ActiveCfg = Release|Any CPU
		{64010077-D127-0645-F328-4872E75FBD9A}.Release|Any CPU.Build.0 = Release|Any CPU
		{6B3664B0-C393-9746-75AC-0626436F7A98}.Debug|Any CPU.ActiveCfg = Debug|Any CPU
		{6B3664B0-C393-9746-75AC-0626436F7A98}.Debug|Any CPU.Build.0 = Debug|Any CPU
		{6B3664B0-C393-9746-75AC-0626436F7A98}.Release|Any CPU.ActiveCfg = Release|Any CPU
		{6B3664B0-C393-9746-75AC-0626436F7A98}.Release|Any CPU.Build.0 = Release|Any CPU
		{EB76EDDC-78F1-4F46-EDDC-74E13647E182}.Debug|Any CPU.ActiveCfg = Debug|Any CPU
		{EB76EDDC-78F1-4F46-EDDC-74E13647E182}.Debug|Any CPU.Build.0 = Debug|Any CPU
		{EB76EDDC-78F1-4F46-EDDC-74E13647E182}.Release|Any CPU.ActiveCfg = Release|Any CPU
		{EB76EDDC-78F1-4F46-EDDC-74E13647E182}.Release|Any CPU.Build.0 = Release|Any CPU
		{066F8808-61FF-041E-77FF-5CB9980C1AF4}.Debug|Any CPU.ActiveCfg = Debug|Any CPU
		{066F8808-61FF-041E-77FF-5CB9980C1AF4}.Debug|Any CPU.Build.0 = Debug|Any CPU
		{066F8808-61FF-041E-77FF-5CB9980C1AF4}.Release|Any CPU.ActiveCfg = Release|Any CPU
		{066F8808-61FF-041E-77FF-5CB9980C1AF4}.Release|Any CPU.Build.0 = Release|Any CPU
		{026A295F-B751-FA14-DEC7-56282CCBEC20}.Debug|Any CPU.ActiveCfg = Debug|Any CPU
		{026A295F-B751-FA14-DEC7-56282CCBEC20}.Debug|Any CPU.Build.0 = Debug|Any CPU
		{026A295F-B751-FA14-DEC7-56282CCBEC20}.Release|Any CPU.ActiveCfg = Release|Any CPU
		{026A295F-B751-FA14-DEC7-56282CCBEC20}.Release|Any CPU.Build.0 = Release|Any CPU
		{CA3D6A2E-C749-C298-43F5-6D078426FBB5}.Debug|Any CPU.ActiveCfg = Debug|Any CPU
		{CA3D6A2E-C749-C298-43F5-6D078426FBB5}.Debug|Any CPU.Build.0 = Debug|Any CPU
		{CA3D6A2E-C749-C298-43F5-6D078426FBB5}.Release|Any CPU.ActiveCfg = Release|Any CPU
		{CA3D6A2E-C749-C298-43F5-6D078426FBB5}.Release|Any CPU.Build.0 = Release|Any CPU
		{708B02E5-F065-E072-4AC1-7CB5657B3DE9}.Debug|Any CPU.ActiveCfg = Debug|Any CPU
		{708B02E5-F065-E072-4AC1-7CB5657B3DE9}.Debug|Any CPU.Build.0 = Debug|Any CPU
		{708B02E5-F065-E072-4AC1-7CB5657B3DE9}.Release|Any CPU.ActiveCfg = Release|Any CPU
		{708B02E5-F065-E072-4AC1-7CB5657B3DE9}.Release|Any CPU.Build.0 = Release|Any CPU
		{F0269EAB-C66A-E1D2-6695-5FB3E1BC92F5}.Debug|Any CPU.ActiveCfg = Debug|Any CPU
		{F0269EAB-C66A-E1D2-6695-5FB3E1BC92F5}.Debug|Any CPU.Build.0 = Debug|Any CPU
		{F0269EAB-C66A-E1D2-6695-5FB3E1BC92F5}.Release|Any CPU.ActiveCfg = Release|Any CPU
		{F0269EAB-C66A-E1D2-6695-5FB3E1BC92F5}.Release|Any CPU.Build.0 = Release|Any CPU
		{4B4BF4C7-574E-3B6C-20CA-D85C32969333}.Debug|Any CPU.ActiveCfg = Debug|Any CPU
		{4B4BF4C7-574E-3B6C-20CA-D85C32969333}.Debug|Any CPU.Build.0 = Debug|Any CPU
		{4B4BF4C7-574E-3B6C-20CA-D85C32969333}.Release|Any CPU.ActiveCfg = Release|Any CPU
		{4B4BF4C7-574E-3B6C-20CA-D85C32969333}.Release|Any CPU.Build.0 = Release|Any CPU
		{6FE5703A-ED40-1F8D-6F72-9C85EA043F63}.Debug|Any CPU.ActiveCfg = Debug|Any CPU
		{6FE5703A-ED40-1F8D-6F72-9C85EA043F63}.Debug|Any CPU.Build.0 = Debug|Any CPU
		{6FE5703A-ED40-1F8D-6F72-9C85EA043F63}.Release|Any CPU.ActiveCfg = Release|Any CPU
		{6FE5703A-ED40-1F8D-6F72-9C85EA043F63}.Release|Any CPU.Build.0 = Release|Any CPU
		{B204D7EF-55FF-BDBD-E383-8B78512AB4C2}.Debug|Any CPU.ActiveCfg = Debug|Any CPU
		{B204D7EF-55FF-BDBD-E383-8B78512AB4C2}.Debug|Any CPU.Build.0 = Debug|Any CPU
		{B204D7EF-55FF-BDBD-E383-8B78512AB4C2}.Release|Any CPU.ActiveCfg = Release|Any CPU
		{B204D7EF-55FF-BDBD-E383-8B78512AB4C2}.Release|Any CPU.Build.0 = Release|Any CPU
		{B05EE2D7-2D36-E07D-BE3F-AC37DA78EF8E}.Debug|Any CPU.ActiveCfg = Debug|Any CPU
		{B05EE2D7-2D36-E07D-BE3F-AC37DA78EF8E}.Debug|Any CPU.Build.0 = Debug|Any CPU
		{B05EE2D7-2D36-E07D-BE3F-AC37DA78EF8E}.Release|Any CPU.ActiveCfg = Release|Any CPU
		{B05EE2D7-2D36-E07D-BE3F-AC37DA78EF8E}.Release|Any CPU.Build.0 = Release|Any CPU
		{DD79814B-36E2-1BA6-4AAA-7BB2EAB497E0}.Debug|Any CPU.ActiveCfg = Debug|Any CPU
		{DD79814B-36E2-1BA6-4AAA-7BB2EAB497E0}.Debug|Any CPU.Build.0 = Debug|Any CPU
		{DD79814B-36E2-1BA6-4AAA-7BB2EAB497E0}.Release|Any CPU.ActiveCfg = Release|Any CPU
		{DD79814B-36E2-1BA6-4AAA-7BB2EAB497E0}.Release|Any CPU.Build.0 = Release|Any CPU
		{0303F6ED-D85B-28C3-C516-818CBC7AB047}.Debug|Any CPU.ActiveCfg = Debug|Any CPU
		{0303F6ED-D85B-28C3-C516-818CBC7AB047}.Debug|Any CPU.Build.0 = Debug|Any CPU
		{0303F6ED-D85B-28C3-C516-818CBC7AB047}.Release|Any CPU.ActiveCfg = Release|Any CPU
		{0303F6ED-D85B-28C3-C516-818CBC7AB047}.Release|Any CPU.Build.0 = Release|Any CPU
		{B54682EB-08E8-251A-8E6E-163645DEE65F}.Debug|Any CPU.ActiveCfg = Debug|Any CPU
		{B54682EB-08E8-251A-8E6E-163645DEE65F}.Debug|Any CPU.Build.0 = Debug|Any CPU
		{B54682EB-08E8-251A-8E6E-163645DEE65F}.Release|Any CPU.ActiveCfg = Release|Any CPU
		{B54682EB-08E8-251A-8E6E-163645DEE65F}.Release|Any CPU.Build.0 = Release|Any CPU
		{E8C7D8A6-CEDE-F858-A9EE-6D1860ED33A7}.Debug|Any CPU.ActiveCfg = Debug|Any CPU
		{E8C7D8A6-CEDE-F858-A9EE-6D1860ED33A7}.Debug|Any CPU.Build.0 = Debug|Any CPU
		{E8C7D8A6-CEDE-F858-A9EE-6D1860ED33A7}.Release|Any CPU.ActiveCfg = Release|Any CPU
		{E8C7D8A6-CEDE-F858-A9EE-6D1860ED33A7}.Release|Any CPU.Build.0 = Release|Any CPU
		{91962350-0E93-D51C-E5DB-0995493E2620}.Debug|Any CPU.ActiveCfg = Debug|Any CPU
		{91962350-0E93-D51C-E5DB-0995493E2620}.Debug|Any CPU.Build.0 = Debug|Any CPU
		{91962350-0E93-D51C-E5DB-0995493E2620}.Release|Any CPU.ActiveCfg = Release|Any CPU
		{91962350-0E93-D51C-E5DB-0995493E2620}.Release|Any CPU.Build.0 = Release|Any CPU
		{AE30E9BF-5378-9FC0-F1B3-E9D38F3F855F}.Debug|Any CPU.ActiveCfg = Debug|Any CPU
		{AE30E9BF-5378-9FC0-F1B3-E9D38F3F855F}.Debug|Any CPU.Build.0 = Debug|Any CPU
		{AE30E9BF-5378-9FC0-F1B3-E9D38F3F855F}.Release|Any CPU.ActiveCfg = Release|Any CPU
		{AE30E9BF-5378-9FC0-F1B3-E9D38F3F855F}.Release|Any CPU.Build.0 = Release|Any CPU
		{3AE1D419-E69B-F78E-F109-7EC3AC03911C}.Debug|Any CPU.ActiveCfg = Debug|Any CPU
		{3AE1D419-E69B-F78E-F109-7EC3AC03911C}.Debug|Any CPU.Build.0 = Debug|Any CPU
		{3AE1D419-E69B-F78E-F109-7EC3AC03911C}.Release|Any CPU.ActiveCfg = Release|Any CPU
		{3AE1D419-E69B-F78E-F109-7EC3AC03911C}.Release|Any CPU.Build.0 = Release|Any CPU
		{3BC20DBA-3DD1-6CAA-C636-E2652149610A}.Debug|Any CPU.ActiveCfg = Debug|Any CPU
		{3BC20DBA-3DD1-6CAA-C636-E2652149610A}.Debug|Any CPU.Build.0 = Debug|Any CPU
		{3BC20DBA-3DD1-6CAA-C636-E2652149610A}.Release|Any CPU.ActiveCfg = Release|Any CPU
		{3BC20DBA-3DD1-6CAA-C636-E2652149610A}.Release|Any CPU.Build.0 = Release|Any CPU
		{223AE79E-F0E1-2AA4-0293-59944FFB03D6}.Debug|Any CPU.ActiveCfg = Debug|Any CPU
		{223AE79E-F0E1-2AA4-0293-59944FFB03D6}.Debug|Any CPU.Build.0 = Debug|Any CPU
		{223AE79E-F0E1-2AA4-0293-59944FFB03D6}.Release|Any CPU.ActiveCfg = Release|Any CPU
		{223AE79E-F0E1-2AA4-0293-59944FFB03D6}.Release|Any CPU.Build.0 = Release|Any CPU
		{AF2F47F8-F9CD-0244-BFB4-EFE99BE80859}.Debug|Any CPU.ActiveCfg = Debug|Any CPU
		{AF2F47F8-F9CD-0244-BFB4-EFE99BE80859}.Debug|Any CPU.Build.0 = Debug|Any CPU
		{AF2F47F8-F9CD-0244-BFB4-EFE99BE80859}.Release|Any CPU.ActiveCfg = Release|Any CPU
		{AF2F47F8-F9CD-0244-BFB4-EFE99BE80859}.Release|Any CPU.Build.0 = Release|Any CPU
		{68A0920E-5FD8-B3CD-307F-78EBA7EFF556}.Debug|Any CPU.ActiveCfg = Debug|Any CPU
		{68A0920E-5FD8-B3CD-307F-78EBA7EFF556}.Debug|Any CPU.Build.0 = Debug|Any CPU
		{68A0920E-5FD8-B3CD-307F-78EBA7EFF556}.Release|Any CPU.ActiveCfg = Release|Any CPU
		{68A0920E-5FD8-B3CD-307F-78EBA7EFF556}.Release|Any CPU.Build.0 = Release|Any CPU
		{3E029303-121E-49FF-C0DC-A1DC9A28BB9A}.Debug|Any CPU.ActiveCfg = Debug|Any CPU
		{3E029303-121E-49FF-C0DC-A1DC9A28BB9A}.Debug|Any CPU.Build.0 = Debug|Any CPU
		{3E029303-121E-49FF-C0DC-A1DC9A28BB9A}.Release|Any CPU.ActiveCfg = Release|Any CPU
		{3E029303-121E-49FF-C0DC-A1DC9A28BB9A}.Release|Any CPU.Build.0 = Release|Any CPU
	EndGlobalSection
	GlobalSection(SolutionProperties) = preSolution
		HideSolutionNode = FALSE
	EndGlobalSection
EndGlobal
